// !$*UTF8*$!
{
	archiveVersion = 1;
	classes = {
	};
	objectVersion = 46;
	objects = {

/* Begin PBXAggregateTarget section */
		"SearchKit-Swift::SearchKit-SwiftPackageTests::ProductTarget" /* SearchKit-SwiftPackageTests */ = {
			isa = PBXAggregateTarget;
			buildConfigurationList = OBJ_62 /* Build configuration list for PBXAggregateTarget "SearchKit-SwiftPackageTests" */;
			buildPhases = (
			);
			dependencies = (
				OBJ_65 /* PBXTargetDependency */,
			);
			name = "SearchKit-SwiftPackageTests";
			productName = "SearchKit-SwiftPackageTests";
		};
/* End PBXAggregateTarget section */

/* Begin PBXBuildFile section */
		OBJ_43 /* Levenshtein.swift in Sources */ = {isa = PBXBuildFile; fileRef = OBJ_10 /* Levenshtein.swift */; };
		OBJ_44 /* Tokenize.swift in Sources */ = {isa = PBXBuildFile; fileRef = OBJ_11 /* Tokenize.swift */; };
		OBJ_45 /* regex.swift in Sources */ = {isa = PBXBuildFile; fileRef = OBJ_12 /* regex.swift */; };
		OBJ_46 /* stopwords-iso.swift in Sources */ = {isa = PBXBuildFile; fileRef = OBJ_13 /* stopwords-iso.swift */; };
		OBJ_47 /* OrionSearch.swift in Sources */ = {isa = PBXBuildFile; fileRef = OBJ_15 /* OrionSearch.swift */; };
		OBJ_48 /* OSNormal.swift in Sources */ = {isa = PBXBuildFile; fileRef = OBJ_17 /* OSNormal.swift */; };
		OBJ_49 /* OSQuick.swift in Sources */ = {isa = PBXBuildFile; fileRef = OBJ_18 /* OSQuick.swift */; };
		OBJ_50 /* OSDatabase.swift in Sources */ = {isa = PBXBuildFile; fileRef = OBJ_20 /* OSDatabase.swift */; };
		OBJ_51 /* OSQuery.swift in Sources */ = {isa = PBXBuildFile; fileRef = OBJ_21 /* OSQuery.swift */; };
		OBJ_52 /* OSRecord.swift in Sources */ = {isa = PBXBuildFile; fileRef = OBJ_22 /* OSRecord.swift */; };
		OBJ_53 /* OSSearchType.swift in Sources */ = {isa = PBXBuildFile; fileRef = OBJ_23 /* OSSearchType.swift */; };
		OBJ_60 /* Package.swift in Sources */ = {isa = PBXBuildFile; fileRef = OBJ_6 /* Package.swift */; };
		OBJ_71 /* SearchKit_SwiftTests.swift in Sources */ = {isa = PBXBuildFile; fileRef = OBJ_26 /* SearchKit_SwiftTests.swift */; };
		OBJ_72 /* XCTestManifests.swift in Sources */ = {isa = PBXBuildFile; fileRef = OBJ_27 /* XCTestManifests.swift */; };
		OBJ_74 /* SearchKit_Swift.framework in Frameworks */ = {isa = PBXBuildFile; fileRef = "SearchKit-Swift::SearchKit-Swift::Product" /* SearchKit_Swift.framework */; };
/* End PBXBuildFile section */

/* Begin PBXContainerItemProxy section */
		683CD052253C903E00BAB820 /* PBXContainerItemProxy */ = {
			isa = PBXContainerItemProxy;
			containerPortal = OBJ_1 /* Project object */;
			proxyType = 1;
			remoteGlobalIDString = "SearchKit-Swift::SearchKit-Swift";
			remoteInfo = "SearchKit-Swift";
		};
		683CD055253C904000BAB820 /* PBXContainerItemProxy */ = {
			isa = PBXContainerItemProxy;
			containerPortal = OBJ_1 /* Project object */;
			proxyType = 1;
			remoteGlobalIDString = "SearchKit-Swift::SearchKit-SwiftTests";
			remoteInfo = "SearchKit-SwiftTests";
		};
/* End PBXContainerItemProxy section */

/* Begin PBXFileReference section */
		OBJ_10 /* Levenshtein.swift */ = {isa = PBXFileReference; lastKnownFileType = sourcecode.swift; path = Levenshtein.swift; sourceTree = "<group>"; };
		OBJ_11 /* Tokenize.swift */ = {isa = PBXFileReference; lastKnownFileType = sourcecode.swift; path = Tokenize.swift; sourceTree = "<group>"; };
		OBJ_12 /* regex.swift */ = {isa = PBXFileReference; lastKnownFileType = sourcecode.swift; path = regex.swift; sourceTree = "<group>"; };
		OBJ_13 /* stopwords-iso.swift */ = {isa = PBXFileReference; lastKnownFileType = sourcecode.swift; path = "stopwords-iso.swift"; sourceTree = "<group>"; };
		OBJ_15 /* OrionSearch.swift */ = {isa = PBXFileReference; lastKnownFileType = sourcecode.swift; path = OrionSearch.swift; sourceTree = "<group>"; };
		OBJ_17 /* OSNormal.swift */ = {isa = PBXFileReference; lastKnownFileType = sourcecode.swift; path = OSNormal.swift; sourceTree = "<group>"; };
		OBJ_18 /* OSQuick.swift */ = {isa = PBXFileReference; lastKnownFileType = sourcecode.swift; path = OSQuick.swift; sourceTree = "<group>"; };
		OBJ_20 /* OSDatabase.swift */ = {isa = PBXFileReference; lastKnownFileType = sourcecode.swift; path = OSDatabase.swift; sourceTree = "<group>"; };
		OBJ_21 /* OSQuery.swift */ = {isa = PBXFileReference; lastKnownFileType = sourcecode.swift; path = OSQuery.swift; sourceTree = "<group>"; };
		OBJ_22 /* OSRecord.swift */ = {isa = PBXFileReference; lastKnownFileType = sourcecode.swift; path = OSRecord.swift; sourceTree = "<group>"; };
		OBJ_23 /* OSSearchType.swift */ = {isa = PBXFileReference; lastKnownFileType = sourcecode.swift; path = OSSearchType.swift; sourceTree = "<group>"; };
		OBJ_26 /* SearchKit_SwiftTests.swift */ = {isa = PBXFileReference; lastKnownFileType = sourcecode.swift; path = SearchKit_SwiftTests.swift; sourceTree = "<group>"; };
		OBJ_27 /* XCTestManifests.swift */ = {isa = PBXFileReference; lastKnownFileType = sourcecode.swift; path = XCTestManifests.swift; sourceTree = "<group>"; };
		OBJ_36 /* LICENSE */ = {isa = PBXFileReference; lastKnownFileType = text; path = LICENSE; sourceTree = "<group>"; };
		OBJ_37 /* README.md */ = {isa = PBXFileReference; lastKnownFileType = net.daringfireball.markdown; path = README.md; sourceTree = "<group>"; };
		OBJ_6 /* Package.swift */ = {isa = PBXFileReference; explicitFileType = sourcecode.swift; path = Package.swift; sourceTree = "<group>"; };
		"SearchKit-Swift::SearchKit-Swift::Product" /* SearchKit_Swift.framework */ = {isa = PBXFileReference; lastKnownFileType = wrapper.framework; path = SearchKit_Swift.framework; sourceTree = BUILT_PRODUCTS_DIR; };
		"SearchKit-Swift::SearchKit-SwiftTests::Product" /* SearchKit_SwiftTests.xctest */ = {isa = PBXFileReference; lastKnownFileType = file; name = SearchKit_SwiftTests.xctest; path = "SearchKit-SwiftTests.xctest"; sourceTree = BUILT_PRODUCTS_DIR; };
/* End PBXFileReference section */

/* Begin PBXFrameworksBuildPhase section */
		OBJ_54 /* Frameworks */ = {
			isa = PBXFrameworksBuildPhase;
			buildActionMask = 0;
			files = (
			);
			runOnlyForDeploymentPostprocessing = 0;
		};
		OBJ_73 /* Frameworks */ = {
			isa = PBXFrameworksBuildPhase;
			buildActionMask = 0;
			files = (
				OBJ_74 /* SearchKit_Swift.framework in Frameworks */,
			);
			runOnlyForDeploymentPostprocessing = 0;
		};
/* End PBXFrameworksBuildPhase section */

/* Begin PBXGroup section */
		OBJ_14 /* Main */ = {
			isa = PBXGroup;
			children = (
				OBJ_15 /* OrionSearch.swift */,
				OBJ_16 /* Search */,
			);
			path = Main;
			sourceTree = "<group>";
		};
		OBJ_16 /* Search */ = {
			isa = PBXGroup;
			children = (
				OBJ_17 /* OSNormal.swift */,
				OBJ_18 /* OSQuick.swift */,
			);
			path = Search;
			sourceTree = "<group>";
		};
		OBJ_19 /* Types */ = {
			isa = PBXGroup;
			children = (
				OBJ_20 /* OSDatabase.swift */,
				OBJ_21 /* OSQuery.swift */,
				OBJ_22 /* OSRecord.swift */,
				OBJ_23 /* OSSearchType.swift */,
			);
			path = Types;
			sourceTree = "<group>";
		};
		OBJ_24 /* Tests */ = {
			isa = PBXGroup;
			children = (
				OBJ_25 /* SearchKit-SwiftTests */,
			);
			name = Tests;
			sourceTree = SOURCE_ROOT;
		};
		OBJ_25 /* SearchKit-SwiftTests */ = {
			isa = PBXGroup;
			children = (
				OBJ_26 /* SearchKit_SwiftTests.swift */,
				OBJ_27 /* XCTestManifests.swift */,
			);
			name = "SearchKit-SwiftTests";
			path = "Tests/SearchKit-SwiftTests";
			sourceTree = SOURCE_ROOT;
		};
		OBJ_28 /* Products */ = {
			isa = PBXGroup;
			children = (
				"SearchKit-Swift::SearchKit-Swift::Product" /* SearchKit_Swift.framework */,
				"SearchKit-Swift::SearchKit-SwiftTests::Product" /* SearchKit_SwiftTests.xctest */,
			);
			name = Products;
			sourceTree = BUILT_PRODUCTS_DIR;
		};
		OBJ_5 /*  */ = {
			isa = PBXGroup;
			children = (
				OBJ_6 /* Package.swift */,
				OBJ_7 /* Sources */,
				OBJ_24 /* Tests */,
				OBJ_28 /* Products */,
				OBJ_36 /* LICENSE */,
				OBJ_37 /* README.md */,
			);
			name = "";
			sourceTree = "<group>";
		};
		OBJ_7 /* Sources */ = {
			isa = PBXGroup;
			children = (
				OBJ_8 /* SearchKit-Swift */,
			);
			name = Sources;
			sourceTree = SOURCE_ROOT;
		};
		OBJ_8 /* SearchKit-Swift */ = {
			isa = PBXGroup;
			children = (
				OBJ_9 /* Helpers */,
				OBJ_14 /* Main */,
				OBJ_19 /* Types */,
			);
			name = "SearchKit-Swift";
			path = "Sources/SearchKit-Swift";
			sourceTree = SOURCE_ROOT;
		};
		OBJ_9 /* Helpers */ = {
			isa = PBXGroup;
			children = (
				OBJ_10 /* Levenshtein.swift */,
				OBJ_11 /* Tokenize.swift */,
				OBJ_12 /* regex.swift */,
				OBJ_13 /* stopwords-iso.swift */,
			);
			path = Helpers;
			sourceTree = "<group>";
		};
/* End PBXGroup section */

/* Begin PBXNativeTarget section */
		"SearchKit-Swift::SearchKit-Swift" /* SearchKit-Swift */ = {
			isa = PBXNativeTarget;
			buildConfigurationList = OBJ_39 /* Build configuration list for PBXNativeTarget "SearchKit-Swift" */;
			buildPhases = (
				OBJ_42 /* Sources */,
				OBJ_54 /* Frameworks */,
			);
			buildRules = (
			);
			dependencies = (
			);
			name = "SearchKit-Swift";
			productName = SearchKit_Swift;
			productReference = "SearchKit-Swift::SearchKit-Swift::Product" /* SearchKit_Swift.framework */;
			productType = "com.apple.product-type.framework";
		};
		"SearchKit-Swift::SearchKit-SwiftTests" /* SearchKit-SwiftTests */ = {
			isa = PBXNativeTarget;
			buildConfigurationList = OBJ_67 /* Build configuration list for PBXNativeTarget "SearchKit-SwiftTests" */;
			buildPhases = (
				OBJ_70 /* Sources */,
				OBJ_73 /* Frameworks */,
			);
			buildRules = (
			);
			dependencies = (
				OBJ_75 /* PBXTargetDependency */,
			);
			name = "SearchKit-SwiftTests";
			productName = SearchKit_SwiftTests;
			productReference = "SearchKit-Swift::SearchKit-SwiftTests::Product" /* SearchKit_SwiftTests.xctest */;
			productType = "com.apple.product-type.bundle.unit-test";
		};
		"SearchKit-Swift::SwiftPMPackageDescription" /* SearchKit-SwiftPackageDescription */ = {
			isa = PBXNativeTarget;
			buildConfigurationList = OBJ_56 /* Build configuration list for PBXNativeTarget "SearchKit-SwiftPackageDescription" */;
			buildPhases = (
				OBJ_59 /* Sources */,
			);
			buildRules = (
			);
			dependencies = (
			);
			name = "SearchKit-SwiftPackageDescription";
			productName = "SearchKit-SwiftPackageDescription";
			productType = "com.apple.product-type.framework";
		};
/* End PBXNativeTarget section */

/* Begin PBXProject section */
		OBJ_1 /* Project object */ = {
			isa = PBXProject;
			attributes = {
				LastSwiftMigration = 9999;
				LastUpgradeCheck = 9999;
			};
			buildConfigurationList = OBJ_2 /* Build configuration list for PBXProject "SearchKit-Swift" */;
			compatibilityVersion = "Xcode 3.2";
			developmentRegion = en;
			hasScannedForEncodings = 0;
			knownRegions = (
				en,
			);
			mainGroup = OBJ_5 /*  */;
			productRefGroup = OBJ_28 /* Products */;
			projectDirPath = "";
			projectRoot = "";
			targets = (
				"SearchKit-Swift::SearchKit-Swift" /* SearchKit-Swift */,
				"SearchKit-Swift::SwiftPMPackageDescription" /* SearchKit-SwiftPackageDescription */,
				"SearchKit-Swift::SearchKit-SwiftPackageTests::ProductTarget" /* SearchKit-SwiftPackageTests */,
				"SearchKit-Swift::SearchKit-SwiftTests" /* SearchKit-SwiftTests */,
			);
		};
/* End PBXProject section */

/* Begin PBXSourcesBuildPhase section */
		OBJ_42 /* Sources */ = {
			isa = PBXSourcesBuildPhase;
			buildActionMask = 0;
			files = (
				OBJ_43 /* Levenshtein.swift in Sources */,
				OBJ_44 /* Tokenize.swift in Sources */,
				OBJ_45 /* regex.swift in Sources */,
				OBJ_46 /* stopwords-iso.swift in Sources */,
				OBJ_47 /* OrionSearch.swift in Sources */,
				OBJ_48 /* OSNormal.swift in Sources */,
				OBJ_49 /* OSQuick.swift in Sources */,
				OBJ_50 /* OSDatabase.swift in Sources */,
				OBJ_51 /* OSQuery.swift in Sources */,
				OBJ_52 /* OSRecord.swift in Sources */,
				OBJ_53 /* OSSearchType.swift in Sources */,
			);
			runOnlyForDeploymentPostprocessing = 0;
		};
		OBJ_59 /* Sources */ = {
			isa = PBXSourcesBuildPhase;
			buildActionMask = 0;
			files = (
				OBJ_60 /* Package.swift in Sources */,
			);
			runOnlyForDeploymentPostprocessing = 0;
		};
		OBJ_70 /* Sources */ = {
			isa = PBXSourcesBuildPhase;
			buildActionMask = 0;
			files = (
				OBJ_71 /* SearchKit_SwiftTests.swift in Sources */,
				OBJ_72 /* XCTestManifests.swift in Sources */,
			);
			runOnlyForDeploymentPostprocessing = 0;
		};
/* End PBXSourcesBuildPhase section */

/* Begin PBXTargetDependency section */
		OBJ_65 /* PBXTargetDependency */ = {
			isa = PBXTargetDependency;
			target = "SearchKit-Swift::SearchKit-SwiftTests" /* SearchKit-SwiftTests */;
			targetProxy = 683CD055253C904000BAB820 /* PBXContainerItemProxy */;
		};
		OBJ_75 /* PBXTargetDependency */ = {
			isa = PBXTargetDependency;
			target = "SearchKit-Swift::SearchKit-Swift" /* SearchKit-Swift */;
			targetProxy = 683CD052253C903E00BAB820 /* PBXContainerItemProxy */;
		};
/* End PBXTargetDependency section */

/* Begin XCBuildConfiguration section */
		OBJ_3 /* Debug */ = {
			isa = XCBuildConfiguration;
			buildSettings = {
				CLANG_ENABLE_OBJC_ARC = YES;
				COMBINE_HIDPI_IMAGES = YES;
				COPY_PHASE_STRIP = NO;
				DEBUG_INFORMATION_FORMAT = dwarf;
				DYLIB_INSTALL_NAME_BASE = "@rpath";
				ENABLE_NS_ASSERTIONS = YES;
				GCC_OPTIMIZATION_LEVEL = 0;
				GCC_PREPROCESSOR_DEFINITIONS = (
					"$(inherited)",
					"SWIFT_PACKAGE=1",
					"DEBUG=1",
				);
				MACOSX_DEPLOYMENT_TARGET = 10.10;
				ONLY_ACTIVE_ARCH = YES;
				OTHER_SWIFT_FLAGS = "$(inherited) -DXcode";
				PRODUCT_NAME = "$(TARGET_NAME)";
				SDKROOT = macosx;
				SUPPORTED_PLATFORMS = "macosx iphoneos iphonesimulator appletvos appletvsimulator watchos watchsimulator";
				SWIFT_ACTIVE_COMPILATION_CONDITIONS = "$(inherited) SWIFT_PACKAGE DEBUG";
				SWIFT_OPTIMIZATION_LEVEL = "-Onone";
				USE_HEADERMAP = NO;
			};
			name = Debug;
		};
		OBJ_4 /* Release */ = {
			isa = XCBuildConfiguration;
			buildSettings = {
				CLANG_ENABLE_OBJC_ARC = YES;
				COMBINE_HIDPI_IMAGES = YES;
				COPY_PHASE_STRIP = YES;
				DEBUG_INFORMATION_FORMAT = "dwarf-with-dsym";
				DYLIB_INSTALL_NAME_BASE = "@rpath";
				GCC_OPTIMIZATION_LEVEL = s;
				GCC_PREPROCESSOR_DEFINITIONS = (
					"$(inherited)",
					"SWIFT_PACKAGE=1",
				);
				MACOSX_DEPLOYMENT_TARGET = 10.10;
				OTHER_SWIFT_FLAGS = "$(inherited) -DXcode";
				PRODUCT_NAME = "$(TARGET_NAME)";
				SDKROOT = macosx;
				SUPPORTED_PLATFORMS = "macosx iphoneos iphonesimulator appletvos appletvsimulator watchos watchsimulator";
				SWIFT_ACTIVE_COMPILATION_CONDITIONS = "$(inherited) SWIFT_PACKAGE";
				SWIFT_OPTIMIZATION_LEVEL = "-Owholemodule";
				USE_HEADERMAP = NO;
			};
			name = Release;
		};
		OBJ_40 /* Debug */ = {
			isa = XCBuildConfiguration;
			buildSettings = {
				ENABLE_TESTABILITY = YES;
				FRAMEWORK_SEARCH_PATHS = (
					"$(inherited)",
					"$(PLATFORM_DIR)/Developer/Library/Frameworks",
				);
				HEADER_SEARCH_PATHS = "$(inherited)";
				INFOPLIST_FILE = "SearchKit-Swift.xcodeproj/SearchKit_Swift_Info.plist";
				IPHONEOS_DEPLOYMENT_TARGET = 9.0;
				LD_RUNPATH_SEARCH_PATHS = "$(inherited) $(TOOLCHAIN_DIR)/usr/lib/swift/macosx";
				MACOSX_DEPLOYMENT_TARGET = 10.10;
				OTHER_CFLAGS = "$(inherited)";
				OTHER_LDFLAGS = "$(inherited)";
				OTHER_SWIFT_FLAGS = "$(inherited)";
				PRODUCT_BUNDLE_IDENTIFIER = "SearchKit-Swift";
				PRODUCT_MODULE_NAME = "$(TARGET_NAME:c99extidentifier)";
				PRODUCT_NAME = "$(TARGET_NAME:c99extidentifier)";
				SKIP_INSTALL = YES;
				SWIFT_ACTIVE_COMPILATION_CONDITIONS = "$(inherited)";
				SWIFT_VERSION = 5.0;
				TARGET_NAME = "SearchKit-Swift";
				TVOS_DEPLOYMENT_TARGET = 9.0;
				WATCHOS_DEPLOYMENT_TARGET = 2.0;
			};
			name = Debug;
		};
		OBJ_41 /* Release */ = {
			isa = XCBuildConfiguration;
			buildSettings = {
				ENABLE_TESTABILITY = YES;
				FRAMEWORK_SEARCH_PATHS = (
					"$(inherited)",
					"$(PLATFORM_DIR)/Developer/Library/Frameworks",
				);
				HEADER_SEARCH_PATHS = "$(inherited)";
				INFOPLIST_FILE = "SearchKit-Swift.xcodeproj/SearchKit_Swift_Info.plist";
				IPHONEOS_DEPLOYMENT_TARGET = 9.0;
				LD_RUNPATH_SEARCH_PATHS = "$(inherited) $(TOOLCHAIN_DIR)/usr/lib/swift/macosx";
				MACOSX_DEPLOYMENT_TARGET = 10.10;
				OTHER_CFLAGS = "$(inherited)";
				OTHER_LDFLAGS = "$(inherited)";
				OTHER_SWIFT_FLAGS = "$(inherited)";
				PRODUCT_BUNDLE_IDENTIFIER = "SearchKit-Swift";
				PRODUCT_MODULE_NAME = "$(TARGET_NAME:c99extidentifier)";
				PRODUCT_NAME = "$(TARGET_NAME:c99extidentifier)";
				SKIP_INSTALL = YES;
				SWIFT_ACTIVE_COMPILATION_CONDITIONS = "$(inherited)";
				SWIFT_VERSION = 5.0;
				TARGET_NAME = "SearchKit-Swift";
				TVOS_DEPLOYMENT_TARGET = 9.0;
				WATCHOS_DEPLOYMENT_TARGET = 2.0;
			};
			name = Release;
		};
		OBJ_57 /* Debug */ = {
			isa = XCBuildConfiguration;
			buildSettings = {
				LD = /usr/bin/true;
				OTHER_SWIFT_FLAGS = "-swift-version 5 -I $(TOOLCHAIN_DIR)/usr/lib/swift/pm/4_2 -sdk /Applications/Xcode.app/Contents/Developer/Platforms/MacOSX.platform/Developer/SDKs/MacOSX10.15.sdk -package-description-version 5.3.0";
				SWIFT_VERSION = 5.0;
			};
			name = Debug;
		};
		OBJ_58 /* Release */ = {
			isa = XCBuildConfiguration;
			buildSettings = {
				LD = /usr/bin/true;
				OTHER_SWIFT_FLAGS = "-swift-version 5 -I $(TOOLCHAIN_DIR)/usr/lib/swift/pm/4_2 -sdk /Applications/Xcode.app/Contents/Developer/Platforms/MacOSX.platform/Developer/SDKs/MacOSX10.15.sdk -package-description-version 5.3.0";
				SWIFT_VERSION = 5.0;
			};
			name = Release;
		};
		OBJ_63 /* Debug */ = {
			isa = XCBuildConfiguration;
			buildSettings = {
			};
			name = Debug;
		};
		OBJ_64 /* Release */ = {
			isa = XCBuildConfiguration;
			buildSettings = {
			};
			name = Release;
		};
		OBJ_68 /* Debug */ = {
			isa = XCBuildConfiguration;
			buildSettings = {
				CLANG_ENABLE_MODULES = YES;
				EMBEDDED_CONTENT_CONTAINS_SWIFT = YES;
				FRAMEWORK_SEARCH_PATHS = (
					"$(inherited)",
					"$(PLATFORM_DIR)/Developer/Library/Frameworks",
				);
				HEADER_SEARCH_PATHS = "$(inherited)";
				INFOPLIST_FILE = "SearchKit-Swift.xcodeproj/SearchKit_SwiftTests_Info.plist";
				IPHONEOS_DEPLOYMENT_TARGET = 14.0;
				LD_RUNPATH_SEARCH_PATHS = "$(inherited) @loader_path/../Frameworks @loader_path/Frameworks";
				MACOSX_DEPLOYMENT_TARGET = 10.15;
				OTHER_CFLAGS = "$(inherited)";
				OTHER_LDFLAGS = "$(inherited)";
				OTHER_SWIFT_FLAGS = "$(inherited)";
				SWIFT_ACTIVE_COMPILATION_CONDITIONS = "$(inherited)";
				SWIFT_VERSION = 5.0;
				TARGET_NAME = "SearchKit-SwiftTests";
				TVOS_DEPLOYMENT_TARGET = 9.0;
				WATCHOS_DEPLOYMENT_TARGET = 2.0;
			};
			name = Debug;
		};
		OBJ_69 /* Release */ = {
			isa = XCBuildConfiguration;
			buildSettings = {
				CLANG_ENABLE_MODULES = YES;
				EMBEDDED_CONTENT_CONTAINS_SWIFT = YES;
				FRAMEWORK_SEARCH_PATHS = (
					"$(inherited)",
					"$(PLATFORM_DIR)/Developer/Library/Frameworks",
				);
				HEADER_SEARCH_PATHS = "$(inherited)";
				INFOPLIST_FILE = "SearchKit-Swift.xcodeproj/SearchKit_SwiftTests_Info.plist";
				IPHONEOS_DEPLOYMENT_TARGET = 14.0;
				LD_RUNPATH_SEARCH_PATHS = "$(inherited) @loader_path/../Frameworks @loader_path/Frameworks";
				MACOSX_DEPLOYMENT_TARGET = 10.15;
				OTHER_CFLAGS = "$(inherited)";
				OTHER_LDFLAGS = "$(inherited)";
				OTHER_SWIFT_FLAGS = "$(inherited)";
				SWIFT_ACTIVE_COMPILATION_CONDITIONS = "$(inherited)";
				SWIFT_VERSION = 5.0;
				TARGET_NAME = "SearchKit-SwiftTests";
				TVOS_DEPLOYMENT_TARGET = 9.0;
				WATCHOS_DEPLOYMENT_TARGET = 2.0;
			};
			name = Release;
		};
/* End XCBuildConfiguration section */

/* Begin XCConfigurationList section */
		OBJ_2 /* Build configuration list for PBXProject "SearchKit-Swift" */ = {
			isa = XCConfigurationList;
			buildConfigurations = (
				OBJ_3 /* Debug */,
				OBJ_4 /* Release */,
			);
			defaultConfigurationIsVisible = 0;
			defaultConfigurationName = Release;
		};
		OBJ_39 /* Build configuration list for PBXNativeTarget "SearchKit-Swift" */ = {
			isa = XCConfigurationList;
			buildConfigurations = (
				OBJ_40 /* Debug */,
				OBJ_41 /* Release */,
			);
			defaultConfigurationIsVisible = 0;
			defaultConfigurationName = Release;
		};
		OBJ_56 /* Build configuration list for PBXNativeTarget "SearchKit-SwiftPackageDescription" */ = {
			isa = XCConfigurationList;
			buildConfigurations = (
				OBJ_57 /* Debug */,
				OBJ_58 /* Release */,
			);
			defaultConfigurationIsVisible = 0;
			defaultConfigurationName = Release;
		};
		OBJ_62 /* Build configuration list for PBXAggregateTarget "SearchKit-SwiftPackageTests" */ = {
			isa = XCConfigurationList;
			buildConfigurations = (
				OBJ_63 /* Debug */,
				OBJ_64 /* Release */,
			);
			defaultConfigurationIsVisible = 0;
			defaultConfigurationName = Release;
		};
		OBJ_67 /* Build configuration list for PBXNativeTarget "SearchKit-SwiftTests" */ = {
			isa = XCConfigurationList;
			buildConfigurations = (
				OBJ_68 /* Debug */,
				OBJ_69 /* Release */,
			);
			defaultConfigurationIsVisible = 0;
			defaultConfigurationName = Release;
		};
/* End XCConfigurationList section */
	};
	rootObject = OBJ_1 /* Project object */;
}
